
Microsoft Visual Studio Solution File, Format Version 12.00
# Visual Studio Version 17
VisualStudioVersion = 17.11.35222.181
MinimumVisualStudioVersion = 10.0.40219.1
Project("{FAE04EC0-301F-11D3-BF4B-00C04F79EFBC}") = "MVVM_implementacion_XGVC1.Android", "MVVM_implementacion_XGVC1.Android\MVVM_implementacion_XGVC1.Android.csproj", "{57B32168-7820-477C-97BD-6CA0EA1FEB45}"
EndProject
Project("{FAE04EC0-301F-11D3-BF4B-00C04F79EFBC}") = "MVVM_implementacion_XGVC1.iOS", "MVVM_implementacion_XGVC1.iOS\MVVM_implementacion_XGVC1.iOS.csproj", "{19DAC088-57E7-4BEA-8403-29B4F8C3FB3E}"
EndProject
Project("{FAE04EC0-301F-11D3-BF4B-00C04F79EFBC}") = "MVVM_implementacion_XGVC1", "MVVM_implementacion_XGVC1\MVVM_implementacion_XGVC1.csproj", "{2EEBE341-0689-4EE8-A2B0-9C646EB7069D}"
EndProject
Global
	GlobalSection(SolutionConfigurationPlatforms) = preSolution
		Debug|Any CPU = Debug|Any CPU
		Debug|iPhone = Debug|iPhone
		Debug|iPhoneSimulator = Debug|iPhoneSimulator
		Release|Any CPU = Release|Any CPU
		Release|iPhone = Release|iPhone
		Release|iPhoneSimulator = Release|iPhoneSimulator
	EndGlobalSection
	GlobalSection(ProjectConfigurationPlatforms) = postSolution
		{57B32168-7820-477C-97BD-6CA0EA1FEB45}.Debug|Any CPU.ActiveCfg = Debug|Any CPU
		{57B32168-7820-477C-97BD-6CA0EA1FEB45}.Debug|Any CPU.Build.0 = Debug|Any CPU
		{57B32168-7820-477C-97BD-6CA0EA1FEB45}.Debug|Any CPU.Deploy.0 = Debug|Any CPU
		{57B32168-7820-477C-97BD-6CA0EA1FEB45}.Debug|iPhone.ActiveCfg = Debug|Any CPU
		{57B32168-7820-477C-97BD-6CA0EA1FEB45}.Debug|iPhone.Build.0 = Debug|Any CPU
		{57B32168-7820-477C-97BD-6CA0EA1FEB45}.Debug|iPhone.Deploy.0 = Debug|Any CPU
		{57B32168-7820-477C-97BD-6CA0EA1FEB45}.Debug|iPhoneSimulator.ActiveCfg = Debug|Any CPU
		{57B32168-7820-477C-97BD-6CA0EA1FEB45}.Debug|iPhoneSimulator.Build.0 = Debug|Any CPU
		{57B32168-7820-477C-97BD-6CA0EA1FEB45}.Debug|iPhoneSimulator.Deploy.0 = Debug|Any CPU
		{57B32168-7820-477C-97BD-6CA0EA1FEB45}.Release|Any CPU.ActiveCfg = Release|Any CPU
		{57B32168-7820-477C-97BD-6CA0EA1FEB45}.Release|Any CPU.Build.0 = Release|Any CPU
		{57B32168-7820-477C-97BD-6CA0EA1FEB45}.Release|Any CPU.Deploy.0 = Release|Any CPU
		{57B32168-7820-477C-97BD-6CA0EA1FEB45}.Release|iPhone.ActiveCfg = Release|Any CPU
		{57B32168-7820-477C-97BD-6CA0EA1FEB45}.Release|iPhone.Build.0 = Release|Any CPU
		{57B32168-7820-477C-97BD-6CA0EA1FEB45}.Release|iPhone.Deploy.0 = Release|Any CPU
		{57B32168-7820-477C-97BD-6CA0EA1FEB45}.Release|iPhoneSimulator.ActiveCfg = Release|Any CPU
		{57B32168-7820-477C-97BD-6CA0EA1FEB45}.Release|iPhoneSimulator.Build.0 = Release|Any CPU
		{57B32168-7820-477C-97BD-6CA0EA1FEB45}.Release|iPhoneSimulator.Deploy.0 = Release|Any CPU
		{19DAC088-57E7-4BEA-8403-29B4F8C3FB3E}.Debug|Any CPU.ActiveCfg = Debug|iPhone
		{19DAC088-57E7-4BEA-8403-29B4F8C3FB3E}.Debug|Any CPU.Build.0 = Debug|iPhone
		{19DAC088-57E7-4BEA-8403-29B4F8C3FB3E}.Debug|Any CPU.Deploy.0 = Debug|iPhone
		{19DAC088-57E7-4BEA-8403-29B4F8C3FB3E}.Debug|iPhone.ActiveCfg = Debug|iPhone
		{19DAC088-57E7-4BEA-8403-29B4F8C3FB3E}.Debug|iPhone.Build.0 = Debug|iPhone
		{19DAC088-57E7-4BEA-8403-29B4F8C3FB3E}.Debug|iPhone.Deploy.0 = Debug|iPhone
		{19DAC088-57E7-4BEA-8403-29B4F8C3FB3E}.Debug|iPhoneSimulator.ActiveCfg = Debug|iPhoneSimulator
		{19DAC088-57E7-4BEA-8403-29B4F8C3FB3E}.Debug|iPhoneSimulator.Build.0 = Debug|iPhoneSimulator
		{19DAC088-57E7-4BEA-8403-29B4F8C3FB3E}.Debug|iPhoneSimulator.Deploy.0 = Debug|iPhoneSimulator
		{19DAC088-57E7-4BEA-8403-29B4F8C3FB3E}.Release|Any CPU.ActiveCfg = Release|iPhoneSimulator
		{19DAC088-57E7-4BEA-8403-29B4F8C3FB3E}.Release|Any CPU.Build.0 = Release|iPhoneSimulator
		{19DAC088-57E7-4BEA-8403-29B4F8C3FB3E}.Release|Any CPU.Deploy.0 = Release|iPhoneSimulator
		{19DAC088-57E7-4BEA-8403-29B4F8C3FB3E}.Release|iPhone.ActiveCfg = Release|iPhone
		{19DAC088-57E7-4BEA-8403-29B4F8C3FB3E}.Release|iPhone.Build.0 = Release|iPhone
		{19DAC088-57E7-4BEA-8403-29B4F8C3FB3E}.Release|iPhone.Deploy.0 = Release|iPhone
		{19DAC088-57E7-4BEA-8403-29B4F8C3FB3E}.Release|iPhoneSimulator.ActiveCfg = Release|iPhoneSimulator
		{19DAC088-57E7-4BEA-8403-29B4F8C3FB3E}.Release|iPhoneSimulator.Build.0 = Release|iPhoneSimulator
		{19DAC088-57E7-4BEA-8403-29B4F8C3FB3E}.Release|iPhoneSimulator.Deploy.0 = Release|iPhoneSimulator
		{2EEBE341-0689-4EE8-A2B0-9C646EB7069D}.Debug|Any CPU.ActiveCfg = Debug|Any CPU
		{2EEBE341-0689-4EE8-A2B0-9C646EB7069D}.Debug|Any CPU.Build.0 = Debug|Any CPU
		{2EEBE341-0689-4EE8-A2B0-9C646EB7069D}.Debug|Any CPU.Deploy.0 = Debug|Any CPU
		{2EEBE341-0689-4EE8-A2B0-9C646EB7069D}.Debug|iPhone.ActiveCfg = Debug|Any CPU
		{2EEBE341-0689-4EE8-A2B0-9C646EB7069D}.Debug|iPhone.Build.0 = Debug|Any CPU
		{2EEBE341-0689-4EE8-A2B0-9C646EB7069D}.Debug|iPhone.Deploy.0 = Debug|Any CPU
		{2EEBE341-0689-4EE8-A2B0-9C646EB7069D}.Debug|iPhoneSimulator.ActiveCfg = Debug|Any CPU
		{2EEBE341-0689-4EE8-A2B0-9C646EB7069D}.Debug|iPhoneSimulator.Build.0 = Debug|Any CPU
		{2EEBE341-0689-4EE8-A2B0-9C646EB7069D}.Debug|iPhoneSimulator.Deploy.0 = Debug|Any CPU
		{2EEBE341-0689-4EE8-A2B0-9C646EB7069D}.Release|Any CPU.ActiveCfg = Release|Any CPU
		{2EEBE341-0689-4EE8-A2B0-9C646EB7069D}.Release|Any CPU.Build.0 = Release|Any CPU
		{2EEBE341-0689-4EE8-A2B0-9C646EB7069D}.Release|Any CPU.Deploy.0 = Release|Any CPU
		{2EEBE341-0689-4EE8-A2B0-9C646EB7069D}.Release|iPhone.ActiveCfg = Release|Any CPU
		{2EEBE341-0689-4EE8-A2B0-9C646EB7069D}.Release|iPhone.Build.0 = Release|Any CPU
		{2EEBE341-0689-4EE8-A2B0-9C646EB7069D}.Release|iPhone.Deploy.0 = Release|Any CPU
		{2EEBE341-0689-4EE8-A2B0-9C646EB7069D}.Release|iPhoneSimulator.ActiveCfg = Release|Any CPU
		{2EEBE341-0689-4EE8-A2B0-9C646EB7069D}.Release|iPhoneSimulator.Build.0 = Release|Any CPU
		{2EEBE341-0689-4EE8-A2B0-9C646EB7069D}.Release|iPhoneSimulator.Deploy.0 = Release|Any CPU
	EndGlobalSection
	GlobalSection(SolutionProperties) = preSolution
		HideSolutionNode = FALSE
	EndGlobalSection
	GlobalSection(ExtensibilityGlobals) = postSolution
		SolutionGuid = {8C18D27D-D678-4B68-A29E-572BF2544E64}
	EndGlobalSection
EndGlobal
